// !$*UTF8*$!
{
	archiveVersion = 1;
	classes = {
	};
	objectVersion = 50;
	objects = {

/* Begin PBXBuildFile section */
		177895E12475AF8C009D2BC1 /* AppDelegate.swift in Sources */ = {isa = PBXBuildFile; fileRef = 177895E02475AF8C009D2BC1 /* AppDelegate.swift */; };
		177895E32475AF8C009D2BC1 /* SceneDelegate.swift in Sources */ = {isa = PBXBuildFile; fileRef = 177895E22475AF8C009D2BC1 /* SceneDelegate.swift */; };
		177895E52475AF8C009D2BC1 /* ViewController.swift in Sources */ = {isa = PBXBuildFile; fileRef = 177895E42475AF8C009D2BC1 /* ViewController.swift */; };
		177895E82475AF8C009D2BC1 /* Main.storyboard in Resources */ = {isa = PBXBuildFile; fileRef = 177895E62475AF8C009D2BC1 /* Main.storyboard */; };
		177895EA2475AF91009D2BC1 /* Assets.xcassets in Resources */ = {isa = PBXBuildFile; fileRef = 177895E92475AF91009D2BC1 /* Assets.xcassets */; };
		177895ED2475AF91009D2BC1 /* LaunchScreen.storyboard in Resources */ = {isa = PBXBuildFile; fileRef = 177895EB2475AF91009D2BC1 /* LaunchScreen.storyboard */; };
/* End PBXBuildFile section */

/* Begin PBXFileReference section */
		177895DD2475AF8C009D2BC1 /* youtubeApp-firstBuild.app */ = {isa = PBXFileReference; explicitFileType = wrapper.application; includeInIndex = 0; path = "youtubeApp-firstBuild.app"; sourceTree = BUILT_PRODUCTS_DIR; };
		177895E02475AF8C009D2BC1 /* AppDelegate.swift */ = {isa = PBXFileReference; lastKnownFileType = sourcecode.swift; path = AppDelegate.swift; sourceTree = "<group>"; };
		177895E22475AF8C009D2BC1 /* SceneDelegate.swift */ = {isa = PBXFileReference; lastKnownFileType = sourcecode.swift; path = SceneDelegate.swift; sourceTree = "<group>"; };
		177895E42475AF8C009D2BC1 /* ViewController.swift */ = {isa = PBXFileReference; lastKnownFileType = sourcecode.swift; path = ViewController.swift; sourceTree = "<group>"; };
		177895E72475AF8C009D2BC1 /* Base */ = {isa = PBXFileReference; lastKnownFileType = file.storyboard; name = Base; path = Base.lproj/Main.storyboard; sourceTree = "<group>"; };
		177895E92475AF91009D2BC1 /* Assets.xcassets */ = {isa = PBXFileReference; lastKnownFileType = folder.assetcatalog; path = Assets.xcassets; sourceTree = "<group>"; };
		177895EC2475AF91009D2BC1 /* Base */ = {isa = PBXFileReference; lastKnownFileType = file.storyboard; name = Base; path = Base.lproj/LaunchScreen.storyboard; sourceTree = "<group>"; };
		177895EE2475AF91009D2BC1 /* Info.plist */ = {isa = PBXFileReference; lastKnownFileType = text.plist.xml; path = Info.plist; sourceTree = "<group>"; };
/* End PBXFileReference section */

/* Begin PBXFrameworksBuildPhase section */
		177895DA2475AF8C009D2BC1 /* Frameworks */ = {
			isa = PBXFrameworksBuildPhase;
			buildActionMask = 2147483647;
			files = (
			);
			runOnlyForDeploymentPostprocessing = 0;
		};
/* End PBXFrameworksBuildPhase section */

/* Begin PBXGroup section */
		177895D42475AF8C009D2BC1 = {
			isa = PBXGroup;
			children = (
				177895DF2475AF8C009D2BC1 /* youtubeApp-firstBuild */,
				177895DE2475AF8C009D2BC1 /* Products */,
			);
			sourceTree = "<group>";
		};
		177895DE2475AF8C009D2BC1 /* Products */ = {
			isa = PBXGroup;
			children = (
				177895DD2475AF8C009D2BC1 /* youtubeApp-firstBuild.app */,
			);
			name = Products;
			sourceTree = "<group>";
		};
		177895DF2475AF8C009D2BC1 /* youtubeApp-firstBuild */ = {
			isa = PBXGroup;
			children = (
				177895E02475AF8C009D2BC1 /* AppDelegate.swift */,
				177895E22475AF8C009D2BC1 /* SceneDelegate.swift */,
				177895E42475AF8C009D2BC1 /* ViewController.swift */,
				177895E62475AF8C009D2BC1 /* Main.storyboard */,
				177895E92475AF91009D2BC1 /* Assets.xcassets */,
				177895EB2475AF91009D2BC1 /* LaunchScreen.storyboard */,
				177895EE2475AF91009D2BC1 /* Info.plist */,
			);
			path = "youtubeApp-firstBuild";
			sourceTree = "<group>";
		};
/* End PBXGroup section */

/* Begin PBXNativeTarget section */
		177895DC2475AF8C009D2BC1 /* youtubeApp-firstBuild */ = {
			isa = PBXNativeTarget;
			buildConfigurationList = 177895F12475AF91009D2BC1 /* Build configuration list for PBXNativeTarget "youtubeApp-firstBuild" */;
			buildPhases = (
				177895D92475AF8C009D2BC1 /* Sources */,
				177895DA2475AF8C009D2BC1 /* Frameworks */,
				177895DB2475AF8C009D2BC1 /* Resources */,
			);
			buildRules = (
			);
			dependencies = (
			);
			name = "youtubeApp-firstBuild";
			productName = "youtubeApp-firstBuild";
			productReference = 177895DD2475AF8C009D2BC1 /* youtubeApp-firstBuild.app */;
			productType = "com.apple.product-type.application";
		};
/* End PBXNativeTarget section */

/* Begin PBXProject section */
		177895D52475AF8C009D2BC1 /* Project object */ = {
			isa = PBXProject;
			attributes = {
				LastSwiftUpdateCheck = 1120;
				LastUpgradeCheck = 1120;
				ORGANIZATIONNAME = "Alexey Davidenko";
				TargetAttributes = {
					177895DC2475AF8C009D2BC1 = {
						CreatedOnToolsVersion = 11.2;
					};
				};
			};
			buildConfigurationList = 177895D82475AF8C009D2BC1 /* Build configuration list for PBXProject "youtubeApp-firstBuild" */;
			compatibilityVersion = "Xcode 9.3";
			developmentRegion = en;
			hasScannedForEncodings = 0;
			knownRegions = (
				en,
				Base,
			);
			mainGroup = 177895D42475AF8C009D2BC1;
			productRefGroup = 177895DE2475AF8C009D2BC1 /* Products */;
			projectDirPath = "";
			projectRoot = "";
			targets = (
				177895DC2475AF8C009D2BC1 /* youtubeApp-firstBuild */,
			);
		};
/* End PBXProject section */

/* Begin PBXResourcesBuildPhase section */
		177895DB2475AF8C009D2BC1 /* Resources */ = {
			isa = PBXResourcesBuildPhase;
			buildActionMask = 2147483647;
			files = (
				177895ED2475AF91009D2BC1 /* LaunchScreen.storyboard in Resources */,
				177895EA2475AF91009D2BC1 /* Assets.xcassets in Resources */,
				177895E82475AF8C009D2BC1 /* Main.storyboard in Resources */,
			);
			runOnlyForDeploymentPostprocessing = 0;
		};
/* End PBXResourcesBuildPhase section */

/* Begin PBXSourcesBuildPhase section */
		177895D92475AF8C009D2BC1 /* Sources */ = {
			isa = PBXSourcesBuildPhase;
			buildActionMask = 2147483647;
			files = (
				177895E52475AF8C009D2BC1 /* ViewController.swift in Sources */,
				177895E12475AF8C009D2BC1 /* AppDelegate.swift in Sources */,
				177895E32475AF8C009D2BC1 /* SceneDelegate.swift in Sources */,
			);
			runOnlyForDeploymentPostprocessing = 0;
		};
/* End PBXSourcesBuildPhase section */

/* Begin PBXVariantGroup section */
		177895E62475AF8C009D2BC1 /* Main.storyboard */ = {
			isa = PBXVariantGroup;
			children = (
				177895E72475AF8C009D2BC1 /* Base */,
			);
			name = Main.storyboard;
			sourceTree = "<group>";
		};
		177895EB2475AF91009D2BC1 /* LaunchScreen.storyboard */ = {
			isa = PBXVariantGroup;
			children = (
				177895EC2475AF91009D2BC1 /* Base */,
			);
			name = LaunchScreen.storyboard;
			sourceTree = "<group>";
		};
/* End PBXVariantGroup section */

/* Begin XCBuildConfiguration section */
		177895EF2475AF91009D2BC1 /* Debug */ = {
			isa = XCBuildConfiguration;
			buildSettings = {
				ALWAYS_SEARCH_USER_PATHS = NO;
				CLANG_ANALYZER_NONNULL = YES;
				CLANG_ANALYZER_NUMBER_OBJECT_CONVERSION = YES_AGGRESSIVE;
				CLANG_CXX_LANGUAGE_STANDARD = "gnu++14";
				CLANG_CXX_LIBRARY = "libc++";
				CLANG_ENABLE_MODULES = YES;
				CLANG_ENABLE_OBJC_ARC = YES;
				CLANG_ENABLE_OBJC_WEAK = YES;
				CLANG_WARN_BLOCK_CAPTURE_AUTORELEASING = YES;
				CLANG_WARN_BOOL_CONVERSION = YES;
				CLANG_WARN_COMMA = YES;
				CLANG_WARN_CONSTANT_CONVERSION = YES;
				CLANG_WARN_DEPRECATED_OBJC_IMPLEMENTATIONS = YES;
				CLANG_WARN_DIRECT_OBJC_ISA_USAGE = YES_ERROR;
				CLANG_WARN_DOCUMENTATION_COMMENTS = YES;
				CLANG_WARN_EMPTY_BODY = YES;
				CLANG_WARN_ENUM_CONVERSION = YES;
				CLANG_WARN_INFINITE_RECURSION = YES;
				CLANG_WARN_INT_CONVERSION = YES;
				CLANG_WARN_NON_LITERAL_NULL_CONVERSION = YES;
				CLANG_WARN_OBJC_IMPLICIT_RETAIN_SELF = YES;
				CLANG_WARN_OBJC_LITERAL_CONVERSION = YES;
				CLANG_WARN_OBJC_ROOT_CLASS = YES_ERROR;
				CLANG_WARN_RANGE_LOOP_ANALYSIS = YES;
				CLANG_WARN_STRICT_PROTOTYPES = YES;
				CLANG_WARN_SUSPICIOUS_MOVE = YES;
				CLANG_WARN_UNGUARDED_AVAILABILITY = YES_AGGRESSIVE;
				CLANG_WARN_UNREACHABLE_CODE = YES;
				CLANG_WARN__DUPLICATE_METHOD_MATCH = YES;
				COPY_PHASE_STRIP = NO;
				DEBUG_INFORMATION_FORMAT = dwarf;
				ENABLE_STRICT_OBJC_MSGSEND = YES;
				ENABLE_TESTABILITY = YES;
				GCC_C_LANGUAGE_STANDARD = gnu11;
				GCC_DYNAMIC_NO_PIC = NO;
				GCC_NO_COMMON_BLOCKS = YES;
				GCC_OPTIMIZATION_LEVEL = 0;
				GCC_PREPROCESSOR_DEFINITIONS = (
					"DEBUG=1",
					"$(inherited)",
				);
				GCC_WARN_64_TO_32_BIT_CONVERSION = YES;
				GCC_WARN_ABOUT_RETURN_TYPE = YES_ERROR;
				GCC_WARN_UNDECLARED_SELECTOR = YES;
				GCC_WARN_UNINITIALIZED_AUTOS = YES_AGGRESSIVE;
				GCC_WARN_UNUSED_FUNCTION = YES;
				GCC_WARN_UNUSED_VARIABLE = YES;
				IPHONEOS_DEPLOYMENT_TARGET = 13.2;
				MTL_ENABLE_DEBUG_INFO = INCLUDE_SOURCE;
				MTL_FAST_MATH = YES;
				ONLY_ACTIVE_ARCH = YES;
				SDKROOT = iphoneos;
				SWIFT_ACTIVE_COMPILATION_CONDITIONS = DEBUG;
				SWIFT_OPTIMIZATION_LEVEL = "-Onone";
			};
			name = Debug;
		};
		177895F02475AF91009D2BC1 /* Release */ = {
			isa = XCBuildConfiguration;
			buildSettings = {
				ALWAYS_SEARCH_USER_PATHS = NO;
				CLANG_ANALYZER_NONNULL = YES;
				CLANG_ANALYZER_NUMBER_OBJECT_CONVERSION = YES_AGGRESSIVE;
				CLANG_CXX_LANGUAGE_STANDARD = "gnu++14";
				CLANG_CXX_LIBRARY = "libc++";
				CLANG_ENABLE_MODULES = YES;
				CLANG_ENABLE_OBJC_ARC = YES;
				CLANG_ENABLE_OBJC_WEAK = YES;
				CLANG_WARN_BLOCK_CAPTURE_AUTORELEASING = YES;
				CLANG_WARN_BOOL_CONVERSION = YES;
				CLANG_WARN_COMMA = YES;
				CLANG_WARN_CONSTANT_CONVERSION = YES;
				CLANG_WARN_DEPRECATED_OBJC_IMPLEMENTATIONS = YES;
				CLANG_WARN_DIRECT_OBJC_ISA_USAGE = YES_ERROR;
				CLANG_WARN_DOCUMENTATION_COMMENTS = YES;
				CLANG_WARN_EMPTY_BODY = YES;
				CLANG_WARN_ENUM_CONVERSION = YES;
				CLANG_WARN_INFINITE_RECURSION = YES;
				CLANG_WARN_INT_CONVERSION = YES;
				CLANG_WARN_NON_LITERAL_NULL_CONVERSION = YES;
				CLANG_WARN_OBJC_IMPLICIT_RETAIN_SELF = YES;
				CLANG_WARN_OBJC_LITERAL_CONVERSION = YES;
				CLANG_WARN_OBJC_ROOT_CLASS = YES_ERROR;
				CLANG_WARN_RANGE_LOOP_ANALYSIS = YES;
				CLANG_WARN_STRICT_PROTOTYPES = YES;
				CLANG_WARN_SUSPICIOUS_MOVE = YES;
				CLANG_WARN_UNGUARDED_AVAILABILITY = YES_AGGRESSIVE;
				CLANG_WARN_UNREACHABLE_CODE = YES;
				CLANG_WARN__DUPLICATE_METHOD_MATCH = YES;
				COPY_PHASE_STRIP = NO;
				DEBUG_INFORMATION_FORMAT = "dwarf-with-dsym";
				ENABLE_NS_ASSERTIONS = NO;
				ENABLE_STRICT_OBJC_MSGSEND = YES;
				GCC_C_LANGUAGE_STANDARD = gnu11;
				GCC_NO_COMMON_BLOCKS = YES;
				GCC_WARN_64_TO_32_BIT_CONVERSION = YES;
				GCC_WARN_ABOUT_RETURN_TYPE = YES_ERROR;
				GCC_WARN_UNDECLARED_SELECTOR = YES;
				GCC_WARN_UNINITIALIZED_AUTOS = YES_AGGRESSIVE;
				GCC_WARN_UNUSED_FUNCTION = YES;
				GCC_WARN_UNUSED_VARIABLE = YES;
				IPHONEOS_DEPLOYMENT_TARGET = 13.2;
				MTL_ENABLE_DEBUG_INFO = NO;
				MTL_FAST_MATH = YES;
				SDKROOT = iphoneos;
				SWIFT_COMPILATION_MODE = wholemodule;
				SWIFT_OPTIMIZATION_LEVEL = "-O";
				VALIDATE_PRODUCT = YES;
			};
			name = Release;
		};
		177895F22475AF91009D2BC1 /* Debug */ = {
			isa = XCBuildConfiguration;
			buildSettings = {
				ASSETCATALOG_COMPILER_APPICON_NAME = AppIcon;
				CODE_SIGN_STYLE = Automatic;
				DEVELOPMENT_TEAM = 8J2VS5TP5S;
				INFOPLIST_FILE = "youtubeApp-firstBuild/Info.plist";
				LD_RUNPATH_SEARCH_PATHS = (
					"$(inherited)",
					"@executable_path/Frameworks",
				);
				PRODUCT_BUNDLE_IDENTIFIER = "DavidenkoApp.youtubeApp-firstBuild";
				PRODUCT_NAME = "$(TARGET_NAME)";
				SWIFT_VERSION = 5.0;
				TARGETED_DEVICE_FAMILY = "1,2";
			};
			name = Debug;
		};
		177895F32475AF91009D2BC1 /* Release */ = {
			isa = XCBuildConfiguration;
			buildSettings = {
				ASSETCATALOG_COMPILER_APPICON_NAME = AppIcon;
				CODE_SIGN_STYLE = Automatic;
				DEVELOPMENT_TEAM = 8J2VS5TP5S;
				INFOPLIST_FILE = "youtubeApp-firstBuild/Info.plist";
				LD_RUNPATH_SEARCH_PATHS = (
					"$(inherited)",
					"@executable_path/Frameworks",
				);
				PRODUCT_BUNDLE_IDENTIFIER = "DavidenkoApp.youtubeApp-firstBuild";
				PRODUCT_NAME = "$(TARGET_NAME)";
				SWIFT_VERSION = 5.0;
				TARGETED_DEVICE_FAMILY = "1,2";
			};
			name = Release;
		};
/* End XCBuildConfiguration section */

/* Begin XCConfigurationList section */
		177895D82475AF8C009D2BC1 /* Build configuration list for PBXProject "youtubeApp-firstBuild" */ = {
			isa = XCConfigurationList;
			buildConfigurations = (
				177895EF2475AF91009D2BC1 /* Debug */,
				177895F02475AF91009D2BC1 /* Release */,
			);
			defaultConfigurationIsVisible = 0;
			defaultConfigurationName = Release;
		};
		177895F12475AF91009D2BC1 /* Build configuration list for PBXNativeTarget "youtubeApp-firstBuild" */ = {
			isa = XCConfigurationList;
			buildConfigurations = (
				177895F22475AF91009D2BC1 /* Debug */,
				177895F32475AF91009D2BC1 /* Release */,
			);
			defaultConfigurationIsVisible = 0;
			defaultConfigurationName = Release;
		};
/* End XCConfigurationList section */
	};
	rootObject = 177895D52475AF8C009D2BC1 /* Project object */;
}
